
Microsoft Visual Studio Solution File, Format Version 12.00
# Visual Studio Version 17
VisualStudioVersion = 17.8.34511.84
MinimumVisualStudioVersion = 10.0.40219.1
Project("{FAE04EC0-301F-11D3-BF4B-00C04F79EFBC}") = "TAREA 6", "TAREA 6.csproj", "{F4829AC6-1F82-4306-BE78-80DB6ECC0619}"
EndProject
Global
	GlobalSection(SolutionConfigurationPlatforms) = preSolution
		Debug|Any CPU = Debug|Any CPU
		Release|Any CPU = Release|Any CPU
	EndGlobalSection
	GlobalSection(ProjectConfigurationPlatforms) = postSolution
		{F4829AC6-1F82-4306-BE78-80DB6ECC0619}.Debug|Any CPU.ActiveCfg = Debug|Any CPU
		{F4829AC6-1F82-4306-BE78-80DB6ECC0619}.Debug|Any CPU.Build.0 = Debug|Any CPU
		{F4829AC6-1F82-4306-BE78-80DB6ECC0619}.Release|Any CPU.ActiveCfg = Release|Any CPU
		{F4829AC6-1F82-4306-BE78-80DB6ECC0619}.Release|Any CPU.Build.0 = Release|Any CPU
	EndGlobalSection
	GlobalSection(SolutionProperties) = preSolution
		HideSolutionNode = FALSE
	EndGlobalSection
	GlobalSection(ExtensibilityGlobals) = postSolution
		SolutionGuid = {047064DA-B877-47E6-9FA4-D665CF66DC3C}
	EndGlobalSection
EndGlobal
