
Microsoft Visual Studio Solution File, Format Version 12.00
# Visual Studio Version 17
VisualStudioVersion = 17.7.34221.43
MinimumVisualStudioVersion = 10.0.40219.1
Project("{FAE04EC0-301F-11D3-BF4B-00C04F79EFBC}") = "Tarea 2 (Calcular numeros primos)", "Tarea 2 (Calcular numeros primos)\Tarea 2 (Calcular numeros primos).csproj", "{E833C761-A3F0-4F2F-A847-551F582777D7}"
EndProject
Global
	GlobalSection(SolutionConfigurationPlatforms) = preSolution
		Debug|Any CPU = Debug|Any CPU
		Release|Any CPU = Release|Any CPU
	EndGlobalSection
	GlobalSection(ProjectConfigurationPlatforms) = postSolution
		{E833C761-A3F0-4F2F-A847-551F582777D7}.Debug|Any CPU.ActiveCfg = Debug|Any CPU
		{E833C761-A3F0-4F2F-A847-551F582777D7}.Debug|Any CPU.Build.0 = Debug|Any CPU
		{E833C761-A3F0-4F2F-A847-551F582777D7}.Release|Any CPU.ActiveCfg = Release|Any CPU
		{E833C761-A3F0-4F2F-A847-551F582777D7}.Release|Any CPU.Build.0 = Release|Any CPU
	EndGlobalSection
	GlobalSection(SolutionProperties) = preSolution
		HideSolutionNode = FALSE
	EndGlobalSection
	GlobalSection(ExtensibilityGlobals) = postSolution
		SolutionGuid = {D2D701F3-2790-4784-966F-C6B9BEC7DA4F}
	EndGlobalSection
EndGlobal
