
Microsoft Visual Studio Solution File, Format Version 12.00
# Visual Studio Version 17
VisualStudioVersion = 17.8.34511.84
MinimumVisualStudioVersion = 10.0.40219.1
Project("{FAE04EC0-301F-11D3-BF4B-00C04F79EFBC}") = "TAREA 10_2", "TAREA 10_2.csproj", "{D37AA9B5-81D1-4BBA-921D-A1CFEC0D8B0C}"
EndProject
Global
	GlobalSection(SolutionConfigurationPlatforms) = preSolution
		Debug|Any CPU = Debug|Any CPU
		Release|Any CPU = Release|Any CPU
	EndGlobalSection
	GlobalSection(ProjectConfigurationPlatforms) = postSolution
		{D37AA9B5-81D1-4BBA-921D-A1CFEC0D8B0C}.Debug|Any CPU.ActiveCfg = Debug|Any CPU
		{D37AA9B5-81D1-4BBA-921D-A1CFEC0D8B0C}.Debug|Any CPU.Build.0 = Debug|Any CPU
		{D37AA9B5-81D1-4BBA-921D-A1CFEC0D8B0C}.Release|Any CPU.ActiveCfg = Release|Any CPU
		{D37AA9B5-81D1-4BBA-921D-A1CFEC0D8B0C}.Release|Any CPU.Build.0 = Release|Any CPU
	EndGlobalSection
	GlobalSection(SolutionProperties) = preSolution
		HideSolutionNode = FALSE
	EndGlobalSection
	GlobalSection(ExtensibilityGlobals) = postSolution
		SolutionGuid = {209ED36C-1B95-4D93-947C-AE8437429529}
	EndGlobalSection
EndGlobal
