
Microsoft Visual Studio Solution File, Format Version 12.00
# Visual Studio Version 17
VisualStudioVersion = 17.7.34221.43
MinimumVisualStudioVersion = 10.0.40219.1
Project("{FAE04EC0-301F-11D3-BF4B-00C04F79EFBC}") = "Pasar por referenvia vs pasar por valor", "Pasar por referenvia vs pasar por valor\Pasar por referenvia vs pasar por valor.csproj", "{61E97A37-5AD1-4B05-B561-CAB2A9875791}"
EndProject
Global
	GlobalSection(SolutionConfigurationPlatforms) = preSolution
		Debug|Any CPU = Debug|Any CPU
		Release|Any CPU = Release|Any CPU
	EndGlobalSection
	GlobalSection(ProjectConfigurationPlatforms) = postSolution
		{61E97A37-5AD1-4B05-B561-CAB2A9875791}.Debug|Any CPU.ActiveCfg = Debug|Any CPU
		{61E97A37-5AD1-4B05-B561-CAB2A9875791}.Debug|Any CPU.Build.0 = Debug|Any CPU
		{61E97A37-5AD1-4B05-B561-CAB2A9875791}.Release|Any CPU.ActiveCfg = Release|Any CPU
		{61E97A37-5AD1-4B05-B561-CAB2A9875791}.Release|Any CPU.Build.0 = Release|Any CPU
	EndGlobalSection
	GlobalSection(SolutionProperties) = preSolution
		HideSolutionNode = FALSE
	EndGlobalSection
	GlobalSection(ExtensibilityGlobals) = postSolution
		SolutionGuid = {1E8C53FA-ED34-4B88-902B-4B34CB93E838}
	EndGlobalSection
EndGlobal
