
Microsoft Visual Studio Solution File, Format Version 12.00
# Visual Studio Version 17
VisualStudioVersion = 17.7.34221.43
MinimumVisualStudioVersion = 10.0.40219.1
Project("{FAE04EC0-301F-11D3-BF4B-00C04F79EFBC}") = "9.3 GRADOS CENTIGRADOS A FAHRENHEIT", "9.3 GRADOS CENTIGRADOS A FAHRENHEIT\9.3 GRADOS CENTIGRADOS A FAHRENHEIT.csproj", "{29ED8369-84ED-4787-BD61-D07F39527BA9}"
EndProject
Global
	GlobalSection(SolutionConfigurationPlatforms) = preSolution
		Debug|Any CPU = Debug|Any CPU
		Release|Any CPU = Release|Any CPU
	EndGlobalSection
	GlobalSection(ProjectConfigurationPlatforms) = postSolution
		{29ED8369-84ED-4787-BD61-D07F39527BA9}.Debug|Any CPU.ActiveCfg = Debug|Any CPU
		{29ED8369-84ED-4787-BD61-D07F39527BA9}.Debug|Any CPU.Build.0 = Debug|Any CPU
		{29ED8369-84ED-4787-BD61-D07F39527BA9}.Release|Any CPU.ActiveCfg = Release|Any CPU
		{29ED8369-84ED-4787-BD61-D07F39527BA9}.Release|Any CPU.Build.0 = Release|Any CPU
	EndGlobalSection
	GlobalSection(SolutionProperties) = preSolution
		HideSolutionNode = FALSE
	EndGlobalSection
	GlobalSection(ExtensibilityGlobals) = postSolution
		SolutionGuid = {EC5465D1-8419-4FE7-B8F1-A02037A529AE}
	EndGlobalSection
EndGlobal
