
Microsoft Visual Studio Solution File, Format Version 12.00
# Visual Studio Version 17
VisualStudioVersion = 17.7.34221.43
MinimumVisualStudioVersion = 10.0.40219.1
Project("{FAE04EC0-301F-11D3-BF4B-00C04F79EFBC}") = "Seccion 2", "Seccion 2\Seccion 2.csproj", "{9A192C7E-C7A0-40F7-A1CD-FAEADA03A31E}"
EndProject
Global
	GlobalSection(SolutionConfigurationPlatforms) = preSolution
		Debug|Any CPU = Debug|Any CPU
		Release|Any CPU = Release|Any CPU
	EndGlobalSection
	GlobalSection(ProjectConfigurationPlatforms) = postSolution
		{9A192C7E-C7A0-40F7-A1CD-FAEADA03A31E}.Debug|Any CPU.ActiveCfg = Debug|Any CPU
		{9A192C7E-C7A0-40F7-A1CD-FAEADA03A31E}.Debug|Any CPU.Build.0 = Debug|Any CPU
		{9A192C7E-C7A0-40F7-A1CD-FAEADA03A31E}.Release|Any CPU.ActiveCfg = Release|Any CPU
		{9A192C7E-C7A0-40F7-A1CD-FAEADA03A31E}.Release|Any CPU.Build.0 = Release|Any CPU
	EndGlobalSection
	GlobalSection(SolutionProperties) = preSolution
		HideSolutionNode = FALSE
	EndGlobalSection
	GlobalSection(ExtensibilityGlobals) = postSolution
		SolutionGuid = {8AE4025C-F54B-4B4A-86DA-7B9CA896B01A}
	EndGlobalSection
EndGlobal
