
Microsoft Visual Studio Solution File, Format Version 12.00
# Visual Studio Version 17
VisualStudioVersion = 17.8.34511.84
MinimumVisualStudioVersion = 10.0.40219.1
Project("{FAE04EC0-301F-11D3-BF4B-00C04F79EFBC}") = "TAREA 3", "TAREA 3.csproj", "{D2F0CA7F-9366-4741-85E8-3B6DAD1B3664}"
EndProject
Global
	GlobalSection(SolutionConfigurationPlatforms) = preSolution
		Debug|Any CPU = Debug|Any CPU
		Release|Any CPU = Release|Any CPU
	EndGlobalSection
	GlobalSection(ProjectConfigurationPlatforms) = postSolution
		{D2F0CA7F-9366-4741-85E8-3B6DAD1B3664}.Debug|Any CPU.ActiveCfg = Debug|Any CPU
		{D2F0CA7F-9366-4741-85E8-3B6DAD1B3664}.Debug|Any CPU.Build.0 = Debug|Any CPU
		{D2F0CA7F-9366-4741-85E8-3B6DAD1B3664}.Release|Any CPU.ActiveCfg = Release|Any CPU
		{D2F0CA7F-9366-4741-85E8-3B6DAD1B3664}.Release|Any CPU.Build.0 = Release|Any CPU
	EndGlobalSection
	GlobalSection(SolutionProperties) = preSolution
		HideSolutionNode = FALSE
	EndGlobalSection
	GlobalSection(ExtensibilityGlobals) = postSolution
		SolutionGuid = {B24920FD-E7F0-49DC-ADB3-EDAA6C596571}
	EndGlobalSection
EndGlobal
