
Microsoft Visual Studio Solution File, Format Version 12.00
# Visual Studio Version 17
VisualStudioVersion = 17.7.34221.43
MinimumVisualStudioVersion = 10.0.40219.1
Project("{FAE04EC0-301F-11D3-BF4B-00C04F79EFBC}") = "12. IF anidados", "12. IF anidados\12. IF anidados.csproj", "{CCDE1F62-C360-43A3-8AFC-EC6D7C7CB681}"
EndProject
Global
	GlobalSection(SolutionConfigurationPlatforms) = preSolution
		Debug|Any CPU = Debug|Any CPU
		Release|Any CPU = Release|Any CPU
	EndGlobalSection
	GlobalSection(ProjectConfigurationPlatforms) = postSolution
		{CCDE1F62-C360-43A3-8AFC-EC6D7C7CB681}.Debug|Any CPU.ActiveCfg = Debug|Any CPU
		{CCDE1F62-C360-43A3-8AFC-EC6D7C7CB681}.Debug|Any CPU.Build.0 = Debug|Any CPU
		{CCDE1F62-C360-43A3-8AFC-EC6D7C7CB681}.Release|Any CPU.ActiveCfg = Release|Any CPU
		{CCDE1F62-C360-43A3-8AFC-EC6D7C7CB681}.Release|Any CPU.Build.0 = Release|Any CPU
	EndGlobalSection
	GlobalSection(SolutionProperties) = preSolution
		HideSolutionNode = FALSE
	EndGlobalSection
	GlobalSection(ExtensibilityGlobals) = postSolution
		SolutionGuid = {CD5F0879-3C9C-4EFA-B5D7-D5BE4A262E55}
	EndGlobalSection
EndGlobal
