
Microsoft Visual Studio Solution File, Format Version 12.00
# Visual Studio Version 17
VisualStudioVersion = 17.7.34221.43
MinimumVisualStudioVersion = 10.0.40219.1
Project("{FAE04EC0-301F-11D3-BF4B-00C04F79EFBC}") = "Primer Ejercicio FOR", "Primer Ejercicio FOR\Primer Ejercicio FOR.csproj", "{A58821E4-9403-49F5-AEC4-DDCF60187AFA}"
EndProject
Global
	GlobalSection(SolutionConfigurationPlatforms) = preSolution
		Debug|Any CPU = Debug|Any CPU
		Release|Any CPU = Release|Any CPU
	EndGlobalSection
	GlobalSection(ProjectConfigurationPlatforms) = postSolution
		{A58821E4-9403-49F5-AEC4-DDCF60187AFA}.Debug|Any CPU.ActiveCfg = Debug|Any CPU
		{A58821E4-9403-49F5-AEC4-DDCF60187AFA}.Debug|Any CPU.Build.0 = Debug|Any CPU
		{A58821E4-9403-49F5-AEC4-DDCF60187AFA}.Release|Any CPU.ActiveCfg = Release|Any CPU
		{A58821E4-9403-49F5-AEC4-DDCF60187AFA}.Release|Any CPU.Build.0 = Release|Any CPU
	EndGlobalSection
	GlobalSection(SolutionProperties) = preSolution
		HideSolutionNode = FALSE
	EndGlobalSection
	GlobalSection(ExtensibilityGlobals) = postSolution
		SolutionGuid = {F98F9DDD-0342-4D25-8F84-F19D0425CE96}
	EndGlobalSection
EndGlobal
