
Microsoft Visual Studio Solution File, Format Version 12.00
# Visual Studio Version 17
VisualStudioVersion = 17.8.34511.84
MinimumVisualStudioVersion = 10.0.40219.1
Project("{FAE04EC0-301F-11D3-BF4B-00C04F79EFBC}") = "TAREA 10_1", "TAREA 10_1.csproj", "{982BF9B4-C1F2-4C99-AD6A-5C987EC38A67}"
EndProject
Global
	GlobalSection(SolutionConfigurationPlatforms) = preSolution
		Debug|Any CPU = Debug|Any CPU
		Release|Any CPU = Release|Any CPU
	EndGlobalSection
	GlobalSection(ProjectConfigurationPlatforms) = postSolution
		{982BF9B4-C1F2-4C99-AD6A-5C987EC38A67}.Debug|Any CPU.ActiveCfg = Debug|Any CPU
		{982BF9B4-C1F2-4C99-AD6A-5C987EC38A67}.Debug|Any CPU.Build.0 = Debug|Any CPU
		{982BF9B4-C1F2-4C99-AD6A-5C987EC38A67}.Release|Any CPU.ActiveCfg = Release|Any CPU
		{982BF9B4-C1F2-4C99-AD6A-5C987EC38A67}.Release|Any CPU.Build.0 = Release|Any CPU
	EndGlobalSection
	GlobalSection(SolutionProperties) = preSolution
		HideSolutionNode = FALSE
	EndGlobalSection
	GlobalSection(ExtensibilityGlobals) = postSolution
		SolutionGuid = {4C5DE62B-9353-49A6-9F53-15E12CDE5E36}
	EndGlobalSection
EndGlobal
