
Microsoft Visual Studio Solution File, Format Version 12.00
# Visual Studio Version 17
VisualStudioVersion = 17.7.34221.43
MinimumVisualStudioVersion = 10.0.40219.1
Project("{FAE04EC0-301F-11D3-BF4B-00C04F79EFBC}") = "15 Operador AND&&", "15 Operador AND&&\15 Operador AND&&.csproj", "{B6218E7B-F2B7-469E-9708-6B6DEC2848C4}"
EndProject
Global
	GlobalSection(SolutionConfigurationPlatforms) = preSolution
		Debug|Any CPU = Debug|Any CPU
		Release|Any CPU = Release|Any CPU
	EndGlobalSection
	GlobalSection(ProjectConfigurationPlatforms) = postSolution
		{B6218E7B-F2B7-469E-9708-6B6DEC2848C4}.Debug|Any CPU.ActiveCfg = Debug|Any CPU
		{B6218E7B-F2B7-469E-9708-6B6DEC2848C4}.Debug|Any CPU.Build.0 = Debug|Any CPU
		{B6218E7B-F2B7-469E-9708-6B6DEC2848C4}.Release|Any CPU.ActiveCfg = Release|Any CPU
		{B6218E7B-F2B7-469E-9708-6B6DEC2848C4}.Release|Any CPU.Build.0 = Release|Any CPU
	EndGlobalSection
	GlobalSection(SolutionProperties) = preSolution
		HideSolutionNode = FALSE
	EndGlobalSection
	GlobalSection(ExtensibilityGlobals) = postSolution
		SolutionGuid = {37897D20-FA24-42E8-B8E5-61400751CEAF}
	EndGlobalSection
EndGlobal
