
Microsoft Visual Studio Solution File, Format Version 12.00
# Visual Studio Version 17
VisualStudioVersion = 17.8.34511.84
MinimumVisualStudioVersion = 10.0.40219.1
Project("{FAE04EC0-301F-11D3-BF4B-00C04F79EFBC}") = "TAREA 7", "TAREA 7.csproj", "{16968866-A15A-41F0-84D8-6C5799635E36}"
EndProject
Global
	GlobalSection(SolutionConfigurationPlatforms) = preSolution
		Debug|Any CPU = Debug|Any CPU
		Release|Any CPU = Release|Any CPU
	EndGlobalSection
	GlobalSection(ProjectConfigurationPlatforms) = postSolution
		{16968866-A15A-41F0-84D8-6C5799635E36}.Debug|Any CPU.ActiveCfg = Debug|Any CPU
		{16968866-A15A-41F0-84D8-6C5799635E36}.Debug|Any CPU.Build.0 = Debug|Any CPU
		{16968866-A15A-41F0-84D8-6C5799635E36}.Release|Any CPU.ActiveCfg = Release|Any CPU
		{16968866-A15A-41F0-84D8-6C5799635E36}.Release|Any CPU.Build.0 = Release|Any CPU
	EndGlobalSection
	GlobalSection(SolutionProperties) = preSolution
		HideSolutionNode = FALSE
	EndGlobalSection
	GlobalSection(ExtensibilityGlobals) = postSolution
		SolutionGuid = {CDC84328-3371-4231-845C-62D3731CE362}
	EndGlobalSection
EndGlobal
